
Microsoft Visual Studio Solution File, Format Version 12.00
# Visual Studio Version 17
VisualStudioVersion = 17.14.36408.4 d17.14
MinimumVisualStudioVersion = 10.0.40219.1
Project("{FAE04EC0-301F-11D3-BF4B-00C04F79EFBC}") = "PWTDotNetTrainingInPerson.ConsoleApp", "PWTDotNetTrainingInPerson.ConsoleApp\PWTDotNetTrainingInPerson.ConsoleApp.csproj", "{5DD138BE-A996-4CEB-BF83-2E091F9B8EB9}"
EndProject
Global
	GlobalSection(SolutionConfigurationPlatforms) = preSolution
		Debug|Any CPU = Debug|Any CPU
		Release|Any CPU = Release|Any CPU
	EndGlobalSection
	GlobalSection(ProjectConfigurationPlatforms) = postSolution
		{5DD138BE-A996-4CEB-BF83-2E091F9B8EB9}.Debug|Any CPU.ActiveCfg = Debug|Any CPU
		{5DD138BE-A996-4CEB-BF83-2E091F9B8EB9}.Debug|Any CPU.Build.0 = Debug|Any CPU
		{5DD138BE-A996-4CEB-BF83-2E091F9B8EB9}.Release|Any CPU.ActiveCfg = Release|Any CPU
		{5DD138BE-A996-4CEB-BF83-2E091F9B8EB9}.Release|Any CPU.Build.0 = Release|Any CPU
	EndGlobalSection
	GlobalSection(SolutionProperties) = preSolution
		HideSolutionNode = FALSE
	EndGlobalSection
	GlobalSection(ExtensibilityGlobals) = postSolution
		SolutionGuid = {DE4DF822-4E5C-42A8-AF0F-AE6CD13B00A5}
	EndGlobalSection
EndGlobal
